{
  "projects": [
    {
      "projectId": "gLnj1ASQa3ENCCCbozzvCK",
      "version": "0.0.3",
      "dependencies": {},
      "lang": "ts",
      "fileLocks": [
        {
          "assetId": "gLnj1ASQa3ENCCCbozzvCK",
          "type": "projectCss",
          "checksum": "1c02168c6b23256606111fdfdbb63549"
        },
        {
          "assetId": "gLnj1ASQa3ENCCCbozzvCK",
          "checksum": "58a352f849f1520e4f338e5d25df4d87",
          "type": "globalContexts"
        }
      ],
      "codegenVersion": "0.0.1"
    },
    {
      "projectId": "66MC2d9B7YecVEphuUMtqF",
      "version": "1.1.0",
      "dependencies": {},
      "lang": "ts",
      "fileLocks": [
        {
          "assetId": "66MC2d9B7YecVEphuUMtqF",
          "type": "projectCss",
          "checksum": "77c6cae8f6fefe6e329eb4393973c8c6"
        },
        {
          "assetId": "66MC2d9B7YecVEphuUMtqF",
          "checksum": "cb442dc94ffe3c8679bfdc3c9f67ec9e",
          "type": "globalContexts"
        }
      ],
      "codegenVersion": "0.0.1"
    },
    {
      "projectId": "gzny5sU7cPH2nhvEqzdB2m",
      "version": "0.0.3",
      "dependencies": {},
      "lang": "ts",
      "fileLocks": [
        {
          "assetId": "gzny5sU7cPH2nhvEqzdB2m",
          "type": "projectCss",
          "checksum": "1c02168c6b23256606111fdfdbb63549"
        }
      ],
      "codegenVersion": "0.0.1"
    },
    {
      "projectId": "pp6Ai2MWCRc8EoqKKb1U9T",
      "version": "latest",
      "dependencies": {
        "gzny5sU7cPH2nhvEqzdB2m": "0.0.3",
        "66MC2d9B7YecVEphuUMtqF": "1.1.0",
        "gLnj1ASQa3ENCCCbozzvCK": "0.0.3"
      },
      "lang": "ts",
      "fileLocks": [
        {
          "type": "globalVariant",
          "assetId": "VWRrerdf24lk",
          "checksum": "fcab95a22a3573ec4f269b146670ef1b"
        },
        {
          "assetId": "pp6Ai2MWCRc8EoqKKb1U9T",
          "type": "projectCss",
          "checksum": "614f17e5b1a0eded56d6168d2902962b"
        },
        {
          "assetId": "pp6Ai2MWCRc8EoqKKb1U9T",
          "checksum": "5d3b3ec89e651d8279e5c87e9eed7fd3",
          "type": "globalContexts"
        },
        {
          "type": "renderModule",
          "assetId": "OwtzV8eSDt_o",
          "checksum": "22212c9745ac352d6461e61a90c99443"
        },
        {
          "type": "cssRules",
          "assetId": "OwtzV8eSDt_o",
          "checksum": "22212c9745ac352d6461e61a90c99443"
        },
        {
          "type": "renderModule",
          "assetId": "B2VMimZN8i1k",
          "checksum": "1bad480329c67268a08aeae397eb5495"
        },
        {
          "type": "cssRules",
          "assetId": "B2VMimZN8i1k",
          "checksum": "1bad480329c67268a08aeae397eb5495"
        },
        {
          "type": "icon",
          "assetId": "8HgGAM1W--RM",
          "checksum": "047f78862035c6da74101dc73d1ef113"
        },
        {
          "type": "image",
          "assetId": "9JL_n1ra7HmP",
          "checksum": "0a110873066a72b08c8655ffe121caf3"
        },
        {
          "type": "image",
          "assetId": "_oAp8dpY4ai6",
          "checksum": "e0bf3c1ba535e8f511da9615d833d312"
        },
        {
          "type": "image",
          "assetId": "24KXld-SMjBA",
          "checksum": "e77225661193e1048d32daa78f1b5603"
        },
        {
          "type": "image",
          "assetId": "137fHMNUbvIQ",
          "checksum": "99c0d5a45b3d799dab2ebe98af86dd50"
        },
        {
          "type": "image",
          "assetId": "Ndbn2Aa4o4vk",
          "checksum": "51490d9343723f638b054e7f9a50522e"
        }
      ],
      "codegenVersion": "0.0.1"
    }
  ],
  "cliVersion": "0.0.22"
}
